
Microsoft Visual Studio Solution File, Format Version 12.00
Project("{FAE04EC0-301F-11D3-BF4B-00C04F79EFBC}") = "Application", "Application\Application.csproj", "{FC7CC791-34AB-4D63-A892-C778484C8C0D}"
EndProject
Project("{FAE04EC0-301F-11D3-BF4B-00C04F79EFBC}") = "Menu", "Menu\Menu.csproj", "{A2F8EB35-99CD-4137-9D4A-9678BB082E25}"
EndProject
Project("{FAE04EC0-301F-11D3-BF4B-00C04F79EFBC}") = "Contracts.Menu", "Contracts.Menu\Contracts.Menu.csproj", "{391B0512-7080-4E85-9AFA-68BFB7ED56C3}"
EndProject
Project("{FAE04EC0-301F-11D3-BF4B-00C04F79EFBC}") = "Battleship", "Battleship\Battleship.csproj", "{6C2DCB67-4B17-4B42-98FE-5D9D80B206AD}"
EndProject
Project("{FAE04EC0-301F-11D3-BF4B-00C04F79EFBC}") = "InitMenu", "InitMenu\InitMenu.csproj", "{51B12733-726B-4A37-A83A-9A4C920C1E1C}"
EndProject
Project("{FAE04EC0-301F-11D3-BF4B-00C04F79EFBC}") = "Helpers", "Helpers\Helpers.csproj", "{F6AB33FE-5B62-4E24-B54A-2B27FF93E5EE}"
EndProject
Global
	GlobalSection(SolutionConfigurationPlatforms) = preSolution
		Debug|Any CPU = Debug|Any CPU
		Release|Any CPU = Release|Any CPU
	EndGlobalSection
	GlobalSection(ProjectConfigurationPlatforms) = postSolution
		{FC7CC791-34AB-4D63-A892-C778484C8C0D}.Debug|Any CPU.ActiveCfg = Debug|Any CPU
		{FC7CC791-34AB-4D63-A892-C778484C8C0D}.Debug|Any CPU.Build.0 = Debug|Any CPU
		{FC7CC791-34AB-4D63-A892-C778484C8C0D}.Release|Any CPU.ActiveCfg = Release|Any CPU
		{FC7CC791-34AB-4D63-A892-C778484C8C0D}.Release|Any CPU.Build.0 = Release|Any CPU
		{A2F8EB35-99CD-4137-9D4A-9678BB082E25}.Debug|Any CPU.ActiveCfg = Debug|Any CPU
		{A2F8EB35-99CD-4137-9D4A-9678BB082E25}.Debug|Any CPU.Build.0 = Debug|Any CPU
		{A2F8EB35-99CD-4137-9D4A-9678BB082E25}.Release|Any CPU.ActiveCfg = Release|Any CPU
		{A2F8EB35-99CD-4137-9D4A-9678BB082E25}.Release|Any CPU.Build.0 = Release|Any CPU
		{391B0512-7080-4E85-9AFA-68BFB7ED56C3}.Debug|Any CPU.ActiveCfg = Debug|Any CPU
		{391B0512-7080-4E85-9AFA-68BFB7ED56C3}.Debug|Any CPU.Build.0 = Debug|Any CPU
		{391B0512-7080-4E85-9AFA-68BFB7ED56C3}.Release|Any CPU.ActiveCfg = Release|Any CPU
		{391B0512-7080-4E85-9AFA-68BFB7ED56C3}.Release|Any CPU.Build.0 = Release|Any CPU
		{6C2DCB67-4B17-4B42-98FE-5D9D80B206AD}.Debug|Any CPU.ActiveCfg = Debug|Any CPU
		{6C2DCB67-4B17-4B42-98FE-5D9D80B206AD}.Debug|Any CPU.Build.0 = Debug|Any CPU
		{6C2DCB67-4B17-4B42-98FE-5D9D80B206AD}.Release|Any CPU.ActiveCfg = Release|Any CPU
		{6C2DCB67-4B17-4B42-98FE-5D9D80B206AD}.Release|Any CPU.Build.0 = Release|Any CPU
		{51B12733-726B-4A37-A83A-9A4C920C1E1C}.Debug|Any CPU.ActiveCfg = Debug|Any CPU
		{51B12733-726B-4A37-A83A-9A4C920C1E1C}.Debug|Any CPU.Build.0 = Debug|Any CPU
		{51B12733-726B-4A37-A83A-9A4C920C1E1C}.Release|Any CPU.ActiveCfg = Release|Any CPU
		{51B12733-726B-4A37-A83A-9A4C920C1E1C}.Release|Any CPU.Build.0 = Release|Any CPU
		{F6AB33FE-5B62-4E24-B54A-2B27FF93E5EE}.Debug|Any CPU.ActiveCfg = Debug|Any CPU
		{F6AB33FE-5B62-4E24-B54A-2B27FF93E5EE}.Debug|Any CPU.Build.0 = Debug|Any CPU
		{F6AB33FE-5B62-4E24-B54A-2B27FF93E5EE}.Release|Any CPU.ActiveCfg = Release|Any CPU
		{F6AB33FE-5B62-4E24-B54A-2B27FF93E5EE}.Release|Any CPU.Build.0 = Release|Any CPU
	EndGlobalSection
EndGlobal
